
Microsoft Visual Studio Solution File, Format Version 12.00
# Visual Studio Version 17
VisualStudioVersion = 17.5.33530.505
MinimumVisualStudioVersion = 10.0.40219.1
Project("{FAE04EC0-301F-11D3-BF4B-00C04F79EFBC}") = "DLL.MarioKart", "DLL.MarioKart.csproj", "{ABAC8F29-3325-4DB2-8F65-45A329FF3C1F}"
EndProject
Global
	GlobalSection(SolutionConfigurationPlatforms) = preSolution
		Debug|Any CPU = Debug|Any CPU
		Release|Any CPU = Release|Any CPU
	EndGlobalSection
	GlobalSection(ProjectConfigurationPlatforms) = postSolution
		{ABAC8F29-3325-4DB2-8F65-45A329FF3C1F}.Debug|Any CPU.ActiveCfg = Debug|Any CPU
		{ABAC8F29-3325-4DB2-8F65-45A329FF3C1F}.Debug|Any CPU.Build.0 = Debug|Any CPU
		{ABAC8F29-3325-4DB2-8F65-45A329FF3C1F}.Release|Any CPU.ActiveCfg = Release|Any CPU
		{ABAC8F29-3325-4DB2-8F65-45A329FF3C1F}.Release|Any CPU.Build.0 = Release|Any CPU
	EndGlobalSection
	GlobalSection(SolutionProperties) = preSolution
		HideSolutionNode = FALSE
	EndGlobalSection
	GlobalSection(ExtensibilityGlobals) = postSolution
		SolutionGuid = {3D43D2F9-6D63-4983-94CD-657B6308BFC6}
	EndGlobalSection
EndGlobal
