
Microsoft Visual Studio Solution File, Format Version 12.00
# Visual Studio Version 17
VisualStudioVersion = 17.5.33424.131
MinimumVisualStudioVersion = 10.0.40219.1
Project("{FAE04EC0-301F-11D3-BF4B-00C04F79EFBC}") = "DLL.Csharp.Swagger", "DLL.Csharp.Swagger\DLL.Csharp.Swagger.csproj", "{75DCE626-0E03-4F9C-A416-1808D8D36BD5}"
EndProject
Global
	GlobalSection(SolutionConfigurationPlatforms) = preSolution
		Debug|Any CPU = Debug|Any CPU
		Release|Any CPU = Release|Any CPU
	EndGlobalSection
	GlobalSection(ProjectConfigurationPlatforms) = postSolution
		{75DCE626-0E03-4F9C-A416-1808D8D36BD5}.Debug|Any CPU.ActiveCfg = Debug|Any CPU
		{75DCE626-0E03-4F9C-A416-1808D8D36BD5}.Debug|Any CPU.Build.0 = Debug|Any CPU
		{75DCE626-0E03-4F9C-A416-1808D8D36BD5}.Release|Any CPU.ActiveCfg = Release|Any CPU
		{75DCE626-0E03-4F9C-A416-1808D8D36BD5}.Release|Any CPU.Build.0 = Release|Any CPU
	EndGlobalSection
	GlobalSection(SolutionProperties) = preSolution
		HideSolutionNode = FALSE
	EndGlobalSection
	GlobalSection(ExtensibilityGlobals) = postSolution
		SolutionGuid = {E353DEF6-1ECA-4CF6-B266-5671172DF0CD}
	EndGlobalSection
EndGlobal
