
Microsoft Visual Studio Solution File, Format Version 12.00
# Visual Studio Version 17
VisualStudioVersion = 17.5.33502.453
MinimumVisualStudioVersion = 10.0.40219.1
Project("{9A19103F-16F7-4668-BE54-9A1E7A4F7556}") = "TicketMicroservice.Web", "TicketMicroservice.Web\TicketMicroservice.Web.csproj", "{B70446C8-A2DA-4C60-8E22-EBF114D082E3}"
EndProject
Project("{9A19103F-16F7-4668-BE54-9A1E7A4F7556}") = "TicketMicroservice.EntityFramework", "TicketMicroservice.EntityFramework\TicketMicroservice.EntityFramework.csproj", "{B7924814-7B7E-49D0-8C31-06DE5B19D83F}"
EndProject
Project("{9A19103F-16F7-4668-BE54-9A1E7A4F7556}") = "TicketMicroservice.Shared", "TicketMicroservice.Shared\TicketMicroservice.Shared.csproj", "{B2FE2048-4B29-498B-AE19-E05F71DA3138}"
EndProject
Global
	GlobalSection(SolutionConfigurationPlatforms) = preSolution
		Debug|Any CPU = Debug|Any CPU
		Release|Any CPU = Release|Any CPU
	EndGlobalSection
	GlobalSection(ProjectConfigurationPlatforms) = postSolution
		{B70446C8-A2DA-4C60-8E22-EBF114D082E3}.Debug|Any CPU.ActiveCfg = Debug|Any CPU
		{B70446C8-A2DA-4C60-8E22-EBF114D082E3}.Debug|Any CPU.Build.0 = Debug|Any CPU
		{B70446C8-A2DA-4C60-8E22-EBF114D082E3}.Release|Any CPU.ActiveCfg = Release|Any CPU
		{B70446C8-A2DA-4C60-8E22-EBF114D082E3}.Release|Any CPU.Build.0 = Release|Any CPU
		{B7924814-7B7E-49D0-8C31-06DE5B19D83F}.Debug|Any CPU.ActiveCfg = Debug|Any CPU
		{B7924814-7B7E-49D0-8C31-06DE5B19D83F}.Debug|Any CPU.Build.0 = Debug|Any CPU
		{B7924814-7B7E-49D0-8C31-06DE5B19D83F}.Release|Any CPU.ActiveCfg = Release|Any CPU
		{B7924814-7B7E-49D0-8C31-06DE5B19D83F}.Release|Any CPU.Build.0 = Release|Any CPU
		{B2FE2048-4B29-498B-AE19-E05F71DA3138}.Debug|Any CPU.ActiveCfg = Debug|Any CPU
		{B2FE2048-4B29-498B-AE19-E05F71DA3138}.Debug|Any CPU.Build.0 = Debug|Any CPU
		{B2FE2048-4B29-498B-AE19-E05F71DA3138}.Release|Any CPU.ActiveCfg = Release|Any CPU
		{B2FE2048-4B29-498B-AE19-E05F71DA3138}.Release|Any CPU.Build.0 = Release|Any CPU
	EndGlobalSection
	GlobalSection(SolutionProperties) = preSolution
		HideSolutionNode = FALSE
	EndGlobalSection
	GlobalSection(ExtensibilityGlobals) = postSolution
		SolutionGuid = {614C9E98-9933-4E8F-9FB3-C63A2E41B5F1}
	EndGlobalSection
EndGlobal
