
Microsoft Visual Studio Solution File, Format Version 12.00
# Visual Studio Version 17
VisualStudioVersion = 17.5.33530.505
MinimumVisualStudioVersion = 10.0.40219.1
Project("{888888A0-9F3D-457C-B088-3A5042F75D52}") = "DLL.Python.Calculadora", "DLL.Python.Calculadora.pyproj", "{FA94F815-41E4-4593-8AAE-0849F2EA6EED}"
EndProject
Global
	GlobalSection(SolutionConfigurationPlatforms) = preSolution
		Debug|Any CPU = Debug|Any CPU
		Release|Any CPU = Release|Any CPU
	EndGlobalSection
	GlobalSection(ProjectConfigurationPlatforms) = postSolution
		{FA94F815-41E4-4593-8AAE-0849F2EA6EED}.Debug|Any CPU.ActiveCfg = Debug|Any CPU
		{FA94F815-41E4-4593-8AAE-0849F2EA6EED}.Release|Any CPU.ActiveCfg = Release|Any CPU
	EndGlobalSection
	GlobalSection(SolutionProperties) = preSolution
		HideSolutionNode = FALSE
	EndGlobalSection
	GlobalSection(ExtensibilityGlobals) = postSolution
		SolutionGuid = {21EF101F-1138-412C-B387-4E14D620FFF4}
	EndGlobalSection
EndGlobal
